PODS:
  - FontAwesomeKit.Swift (0.3.1)
  - pop (1.0.9)
  - TransitionTreasury (4.0.0)

DEPENDENCIES:
  - FontAwesomeKit.Swift (~> 0.3.1)
  - pop (~> 1.0.9)
  - TransitionTreasury (~> 4.0.0)

SPEC CHECKSUMS:
  FontAwesomeKit.Swift: 77fd566e8c20d3267da18161a10c48a31b9323b9
  pop: f667631a5108a2e60d9e8797c9b32ddaf2080bce
  TransitionTreasury: dcf3fe6e5c740525d9e7d4544af45e6fbfd71c88

PODFILE CHECKSUM: 2116e75073c5558049e47855026776cebb6b7bff

COCOAPODS: 1.1.1
