PODS:
  - Alamofire (4.2.0)
  - FontAwesomeKit.Swift (0.3.1)
  - pop (1.0.9)
  - PreviewTransition (2.0.1)
  - SDWebImage (4.0.0-beta2):
    - SDWebImage/Core (= 4.0.0-beta2)
  - SDWebImage/Core (4.0.0-beta2)
  - SnapKit (3.1.2)
  - SwiftyJSON (3.1.3)
  - Then (2.1.0)
  - TransitionTreasury (4.0.0)
  - YYModel (1.0.4)

DEPENDENCIES:
  - Alamofire (~> 4.2.0)
  - FontAwesomeKit.Swift (~> 0.3.1)
  - pop (~> 1.0.9)
  - PreviewTransition (~> 2.0.1)
  - SDWebImage (~> 4.0.0-beta2)
  - SnapKit (~> 3.1.2)
  - SwiftyJSON (~> 3.1.3)
  - Then (~> 2.1.0)
  - TransitionTreasury (~> 4.0.0)
  - YYModel (~> 1.0.4)

SPEC CHECKSUMS:
  Alamofire: aa2e09d871c9160ac53c90e83c68064a94e3dfbe
  FontAwesomeKit.Swift: 77fd566e8c20d3267da18161a10c48a31b9323b9
  pop: f667631a5108a2e60d9e8797c9b32ddaf2080bce
  PreviewTransition: 2f612e341ccae573a1c08b8521fe19a28fe5d763
  SDWebImage: e379f33106cf8d6766f970c0ef1c3fb609c94d78
  SnapKit: 12b24f569cb7c143acc9c22b9d91b23e7b1c84a2
  SwiftyJSON: 38a8ea2006779c0fc4c310cb2ee8195327740faf
  Then: 8496793c8fcac95482b943909b440724c7d8d82c
  TransitionTreasury: dcf3fe6e5c740525d9e7d4544af45e6fbfd71c88
  YYModel: 2a7fdd96aaa4b86a824e26d0c517de8928c04b30

PODFILE CHECKSUM: cfea990208c6b6ebfa11e79a54ad82c745070b9d

COCOAPODS: 1.1.1
