PODS:
  - Alamofire (3.4.0)
  - Kingfisher (2.4.1)
  - LTMorphingLabel (0.2.0)
  - MonkeyKing (0.9.2)
  - PKHUD (3.1.0)
  - SKPhotoBrowser (1.8.6)
  - SnapKit (0.30.0.beta1)

DEPENDENCIES:
  - Alamofire (~> 3.4)
  - Kingfisher (~> 2.4)
  - LTMorphingLabel (~> 0.2.0)
  - MonkeyKing (~> 0.9.2)
  - PKHUD
  - SKPhotoBrowser (~> 1.8.6)
  - SnapKit (~> 0.30.0.beta1)

SPEC CHECKSUMS:
  Alamofire: c19a627cefd6a95f840401c49ab1f124e07f54ee
  Kingfisher: 41aed5b6c1ed8fa98cf6d75283ce89cf7890f517
  LTMorphingLabel: 490aa8e079f9247c7f3130f7d4b1be1d66677377
  MonkeyKing: 2cf420f9202a51714734374c97d96cf496e7ae2b
  PKHUD: 4167eccdb1b3a892fd80ce2b51cb6ba412a889ab
  SKPhotoBrowser: 2fa59b851b04358b186c811ca9e2b4aa4945aa33
  SnapKit: 732e8cad7910a1cb812c5c1fb58f231d7a3b49e8

PODFILE CHECKSUM: 40f95fc81dee8160b32b3f15964940f1feff17c2

COCOAPODS: 1.0.0
